
Microsoft Visual Studio Solution File, Format Version 12.00
# Visual Studio Version 17
VisualStudioVersion = 17.4.33403.182
MinimumVisualStudioVersion = 10.0.40219.1
Project("{9A19103F-16F7-4668-BE54-9A1E7A4F7556}") = "lab2", "lab2.csproj", "{66C004AF-ECA6-43BD-A2E4-CA58220A9582}"
EndProject
Project("{FAE04EC0-301F-11D3-BF4B-00C04F79EFBC}") = "Tests", "..\Tests\Tests.csproj", "{93682579-4F8C-4FA4-A52C-B79D59E4468E}"
EndProject
Global
	GlobalSection(SolutionConfigurationPlatforms) = preSolution
		Debug|Any CPU = Debug|Any CPU
		Release|Any CPU = Release|Any CPU
	EndGlobalSection
	GlobalSection(ProjectConfigurationPlatforms) = postSolution
		{66C004AF-ECA6-43BD-A2E4-CA58220A9582}.Debug|Any CPU.ActiveCfg = Debug|Any CPU
		{66C004AF-ECA6-43BD-A2E4-CA58220A9582}.Debug|Any CPU.Build.0 = Debug|Any CPU
		{66C004AF-ECA6-43BD-A2E4-CA58220A9582}.Release|Any CPU.ActiveCfg = Release|Any CPU
		{66C004AF-ECA6-43BD-A2E4-CA58220A9582}.Release|Any CPU.Build.0 = Release|Any CPU
		{93682579-4F8C-4FA4-A52C-B79D59E4468E}.Debug|Any CPU.ActiveCfg = Debug|Any CPU
		{93682579-4F8C-4FA4-A52C-B79D59E4468E}.Debug|Any CPU.Build.0 = Debug|Any CPU
		{93682579-4F8C-4FA4-A52C-B79D59E4468E}.Release|Any CPU.ActiveCfg = Release|Any CPU
		{93682579-4F8C-4FA4-A52C-B79D59E4468E}.Release|Any CPU.Build.0 = Release|Any CPU
	EndGlobalSection
	GlobalSection(SolutionProperties) = preSolution
		HideSolutionNode = FALSE
	EndGlobalSection
	GlobalSection(ExtensibilityGlobals) = postSolution
		SolutionGuid = {581EB58E-FABE-4819-B6FC-68C32EE95538}
	EndGlobalSection
EndGlobal
